
Microsoft Visual Studio Solution File, Format Version 12.00
# Visual Studio Version 17
VisualStudioVersion = 17.9.34607.119
MinimumVisualStudioVersion = 10.0.40219.1
Project("{FAE04EC0-301F-11D3-BF4B-00C04F79EFBC}") = "StopSound", "StopSound.csproj", "{5509F47D-C4AB-4ACC-AAE0-5183881BE46F}"
EndProject
Global
	GlobalSection(SolutionConfigurationPlatforms) = preSolution
		Debug|Any CPU = Debug|Any CPU
		Release|Any CPU = Release|Any CPU
	EndGlobalSection
	GlobalSection(ProjectConfigurationPlatforms) = postSolution
		{5509F47D-C4AB-4ACC-AAE0-5183881BE46F}.Debug|Any CPU.ActiveCfg = Debug|Any CPU
		{5509F47D-C4AB-4ACC-AAE0-5183881BE46F}.Debug|Any CPU.Build.0 = Debug|Any CPU
		{5509F47D-C4AB-4ACC-AAE0-5183881BE46F}.Release|Any CPU.ActiveCfg = Release|Any CPU
		{5509F47D-C4AB-4ACC-AAE0-5183881BE46F}.Release|Any CPU.Build.0 = Release|Any CPU
	EndGlobalSection
	GlobalSection(SolutionProperties) = preSolution
		HideSolutionNode = FALSE
	EndGlobalSection
	GlobalSection(ExtensibilityGlobals) = postSolution
		SolutionGuid = {4D6ACC35-BC49-4FB0-8AC9-0B46B32C0C6E}
	EndGlobalSection
EndGlobal
